
Microsoft Visual Studio Solution File, Format Version 12.00
# Visual Studio Version 17
VisualStudioVersion = 17.5.002.0
MinimumVisualStudioVersion = 10.0.40219.1
Project("{9A19103F-16F7-4668-BE54-9A1E7A4F7556}") = "ent-home-backend", "ent-home-backend\ent-home-backend.csproj", "{8022A026-62C8-4BB0-AC5D-2A5E1220C78C}"
EndProject
Global
	GlobalSection(SolutionConfigurationPlatforms) = preSolution
		Debug|Any CPU = Debug|Any CPU
		Release|Any CPU = Release|Any CPU
	EndGlobalSection
	GlobalSection(ProjectConfigurationPlatforms) = postSolution
		{8022A026-62C8-4BB0-AC5D-2A5E1220C78C}.Debug|Any CPU.ActiveCfg = Debug|Any CPU
		{8022A026-62C8-4BB0-AC5D-2A5E1220C78C}.Debug|Any CPU.Build.0 = Debug|Any CPU
		{8022A026-62C8-4BB0-AC5D-2A5E1220C78C}.Release|Any CPU.ActiveCfg = Release|Any CPU
		{8022A026-62C8-4BB0-AC5D-2A5E1220C78C}.Release|Any CPU.Build.0 = Release|Any CPU
	EndGlobalSection
	GlobalSection(SolutionProperties) = preSolution
		HideSolutionNode = FALSE
	EndGlobalSection
	GlobalSection(ExtensibilityGlobals) = postSolution
		SolutionGuid = {BAD1BFDE-CD5D-4B97-9BB3-836BFC15B71D}
	EndGlobalSection
EndGlobal
